
Microsoft Visual Studio Solution File, Format Version 12.00
# Visual Studio Version 16
VisualStudioVersion = 16.0.31205.134
MinimumVisualStudioVersion = 10.0.40219.1
Project("{FAE04EC0-301F-11D3-BF4B-00C04F79EFBC}") = "TuplesExample", "TuplesExample\TuplesExample.csproj", "{626078D1-9814-4DEA-AAF2-2B11E08995D6}"
EndProject
Global
	GlobalSection(SolutionConfigurationPlatforms) = preSolution
		Debug|Any CPU = Debug|Any CPU
		Release|Any CPU = Release|Any CPU
	EndGlobalSection
	GlobalSection(ProjectConfigurationPlatforms) = postSolution
		{626078D1-9814-4DEA-AAF2-2B11E08995D6}.Debug|Any CPU.ActiveCfg = Debug|Any CPU
		{626078D1-9814-4DEA-AAF2-2B11E08995D6}.Debug|Any CPU.Build.0 = Debug|Any CPU
		{626078D1-9814-4DEA-AAF2-2B11E08995D6}.Release|Any CPU.ActiveCfg = Release|Any CPU
		{626078D1-9814-4DEA-AAF2-2B11E08995D6}.Release|Any CPU.Build.0 = Release|Any CPU
	EndGlobalSection
	GlobalSection(SolutionProperties) = preSolution
		HideSolutionNode = FALSE
	EndGlobalSection
	GlobalSection(ExtensibilityGlobals) = postSolution
		SolutionGuid = {0C51D648-E3C4-4ECA-9AE7-D37EB00372ED}
	EndGlobalSection
EndGlobal
