
Microsoft Visual Studio Solution File, Format Version 12.00
# Visual Studio Version 16
VisualStudioVersion = 16.0.31205.134
MinimumVisualStudioVersion = 10.0.40219.1
Project("{FAE04EC0-301F-11D3-BF4B-00C04F79EFBC}") = "MulticastDelegate", "MulticastDelegate\MulticastDelegate.csproj", "{9DBBAE13-8A42-44C6-9E86-C311158A1EFF}"
EndProject
Global
	GlobalSection(SolutionConfigurationPlatforms) = preSolution
		Debug|Any CPU = Debug|Any CPU
		Release|Any CPU = Release|Any CPU
	EndGlobalSection
	GlobalSection(ProjectConfigurationPlatforms) = postSolution
		{9DBBAE13-8A42-44C6-9E86-C311158A1EFF}.Debug|Any CPU.ActiveCfg = Debug|Any CPU
		{9DBBAE13-8A42-44C6-9E86-C311158A1EFF}.Debug|Any CPU.Build.0 = Debug|Any CPU
		{9DBBAE13-8A42-44C6-9E86-C311158A1EFF}.Release|Any CPU.ActiveCfg = Release|Any CPU
		{9DBBAE13-8A42-44C6-9E86-C311158A1EFF}.Release|Any CPU.Build.0 = Release|Any CPU
	EndGlobalSection
	GlobalSection(SolutionProperties) = preSolution
		HideSolutionNode = FALSE
	EndGlobalSection
	GlobalSection(ExtensibilityGlobals) = postSolution
		SolutionGuid = {DC6330A5-A6D6-471A-87D9-0BFF03F8C3DC}
	EndGlobalSection
EndGlobal
