
Microsoft Visual Studio Solution File, Format Version 12.00
# Visual Studio Version 16
VisualStudioVersion = 16.0.31205.134
MinimumVisualStudioVersion = 10.0.40219.1
Project("{FAE04EC0-301F-11D3-BF4B-00C04F79EFBC}") = "MyStockApp", "MyStockApp\MyStockApp.csproj", "{19F2D9DC-0142-43C5-8527-5C23FEA188CC}"
EndProject
Global
	GlobalSection(SolutionConfigurationPlatforms) = preSolution
		Debug|Any CPU = Debug|Any CPU
		Release|Any CPU = Release|Any CPU
	EndGlobalSection
	GlobalSection(ProjectConfigurationPlatforms) = postSolution
		{19F2D9DC-0142-43C5-8527-5C23FEA188CC}.Debug|Any CPU.ActiveCfg = Debug|Any CPU
		{19F2D9DC-0142-43C5-8527-5C23FEA188CC}.Debug|Any CPU.Build.0 = Debug|Any CPU
		{19F2D9DC-0142-43C5-8527-5C23FEA188CC}.Release|Any CPU.ActiveCfg = Release|Any CPU
		{19F2D9DC-0142-43C5-8527-5C23FEA188CC}.Release|Any CPU.Build.0 = Release|Any CPU
	EndGlobalSection
	GlobalSection(SolutionProperties) = preSolution
		HideSolutionNode = FALSE
	EndGlobalSection
	GlobalSection(ExtensibilityGlobals) = postSolution
		SolutionGuid = {5B135C31-AD8E-45E2-8A15-7876C260224A}
	EndGlobalSection
EndGlobal
