
Microsoft Visual Studio Solution File, Format Version 12.00
# Visual Studio Version 16
VisualStudioVersion = 16.0.31205.134
MinimumVisualStudioVersion = 10.0.40219.1
Project("{FAE04EC0-301F-11D3-BF4B-00C04F79EFBC}") = "ReadonlyConst", "ReadonlyConst\ReadonlyConst.csproj", "{AF28857E-A3B8-4E4D-98A7-CFF7832736C9}"
EndProject
Global
	GlobalSection(SolutionConfigurationPlatforms) = preSolution
		Debug|Any CPU = Debug|Any CPU
		Release|Any CPU = Release|Any CPU
	EndGlobalSection
	GlobalSection(ProjectConfigurationPlatforms) = postSolution
		{AF28857E-A3B8-4E4D-98A7-CFF7832736C9}.Debug|Any CPU.ActiveCfg = Debug|Any CPU
		{AF28857E-A3B8-4E4D-98A7-CFF7832736C9}.Debug|Any CPU.Build.0 = Debug|Any CPU
		{AF28857E-A3B8-4E4D-98A7-CFF7832736C9}.Release|Any CPU.ActiveCfg = Release|Any CPU
		{AF28857E-A3B8-4E4D-98A7-CFF7832736C9}.Release|Any CPU.Build.0 = Release|Any CPU
	EndGlobalSection
	GlobalSection(SolutionProperties) = preSolution
		HideSolutionNode = FALSE
	EndGlobalSection
	GlobalSection(ExtensibilityGlobals) = postSolution
		SolutionGuid = {04B70E5F-53B0-4AE2-8293-89C6ADB9BDED}
	EndGlobalSection
EndGlobal
