
Microsoft Visual Studio Solution File, Format Version 12.00
# Visual Studio Version 16
VisualStudioVersion = 16.0.31205.134
MinimumVisualStudioVersion = 10.0.40219.1
Project("{FAE04EC0-301F-11D3-BF4B-00C04F79EFBC}") = "IsAsOperators", "IsAsOperators\IsAsOperators.csproj", "{C4057A7D-300B-45D5-8E11-83259E8B616C}"
EndProject
Global
	GlobalSection(SolutionConfigurationPlatforms) = preSolution
		Debug|Any CPU = Debug|Any CPU
		Release|Any CPU = Release|Any CPU
	EndGlobalSection
	GlobalSection(ProjectConfigurationPlatforms) = postSolution
		{C4057A7D-300B-45D5-8E11-83259E8B616C}.Debug|Any CPU.ActiveCfg = Debug|Any CPU
		{C4057A7D-300B-45D5-8E11-83259E8B616C}.Debug|Any CPU.Build.0 = Debug|Any CPU
		{C4057A7D-300B-45D5-8E11-83259E8B616C}.Release|Any CPU.ActiveCfg = Release|Any CPU
		{C4057A7D-300B-45D5-8E11-83259E8B616C}.Release|Any CPU.Build.0 = Release|Any CPU
	EndGlobalSection
	GlobalSection(SolutionProperties) = preSolution
		HideSolutionNode = FALSE
	EndGlobalSection
	GlobalSection(ExtensibilityGlobals) = postSolution
		SolutionGuid = {79DC8B24-0A54-4DFD-B66B-17EF43DDADAA}
	EndGlobalSection
EndGlobal
