
Microsoft Visual Studio Solution File, Format Version 12.00
# Visual Studio Version 16
VisualStudioVersion = 16.0.31205.134
MinimumVisualStudioVersion = 10.0.40219.1
Project("{FAE04EC0-301F-11D3-BF4B-00C04F79EFBC}") = "Lambdas", "Lambdas\Lambdas.csproj", "{ADFBE6D1-AA29-4683-B441-7AAB2EC969D3}"
EndProject
Global
	GlobalSection(SolutionConfigurationPlatforms) = preSolution
		Debug|Any CPU = Debug|Any CPU
		Release|Any CPU = Release|Any CPU
	EndGlobalSection
	GlobalSection(ProjectConfigurationPlatforms) = postSolution
		{ADFBE6D1-AA29-4683-B441-7AAB2EC969D3}.Debug|Any CPU.ActiveCfg = Debug|Any CPU
		{ADFBE6D1-AA29-4683-B441-7AAB2EC969D3}.Debug|Any CPU.Build.0 = Debug|Any CPU
		{ADFBE6D1-AA29-4683-B441-7AAB2EC969D3}.Release|Any CPU.ActiveCfg = Release|Any CPU
		{ADFBE6D1-AA29-4683-B441-7AAB2EC969D3}.Release|Any CPU.Build.0 = Release|Any CPU
	EndGlobalSection
	GlobalSection(SolutionProperties) = preSolution
		HideSolutionNode = FALSE
	EndGlobalSection
	GlobalSection(ExtensibilityGlobals) = postSolution
		SolutionGuid = {EF6B4539-C870-41AB-B50C-4C16A63A52BB}
	EndGlobalSection
EndGlobal
