
Microsoft Visual Studio Solution File, Format Version 12.00
# Visual Studio Version 16
VisualStudioVersion = 16.0.31205.134
MinimumVisualStudioVersion = 10.0.40219.1
Project("{FAE04EC0-301F-11D3-BF4B-00C04F79EFBC}") = "ExtensionMethod", "ExtensionMethod\ExtensionMethod.csproj", "{ADA9F31A-CAD0-496B-9F89-6A163480C64C}"
EndProject
Global
	GlobalSection(SolutionConfigurationPlatforms) = preSolution
		Debug|Any CPU = Debug|Any CPU
		Release|Any CPU = Release|Any CPU
	EndGlobalSection
	GlobalSection(ProjectConfigurationPlatforms) = postSolution
		{ADA9F31A-CAD0-496B-9F89-6A163480C64C}.Debug|Any CPU.ActiveCfg = Debug|Any CPU
		{ADA9F31A-CAD0-496B-9F89-6A163480C64C}.Debug|Any CPU.Build.0 = Debug|Any CPU
		{ADA9F31A-CAD0-496B-9F89-6A163480C64C}.Release|Any CPU.ActiveCfg = Release|Any CPU
		{ADA9F31A-CAD0-496B-9F89-6A163480C64C}.Release|Any CPU.Build.0 = Release|Any CPU
	EndGlobalSection
	GlobalSection(SolutionProperties) = preSolution
		HideSolutionNode = FALSE
	EndGlobalSection
	GlobalSection(ExtensibilityGlobals) = postSolution
		SolutionGuid = {83E81585-4F33-4F51-BDD1-2974D0E867B7}
	EndGlobalSection
EndGlobal
