
Microsoft Visual Studio Solution File, Format Version 12.00
# Visual Studio Version 16
VisualStudioVersion = 16.0.31205.134
MinimumVisualStudioVersion = 10.0.40219.1
Project("{FAE04EC0-301F-11D3-BF4B-00C04F79EFBC}") = "ListViewDemo", "ListViewDemo\ListViewDemo.csproj", "{1E5DA120-50D4-4C19-98E6-4DFC858E1595}"
EndProject
Global
	GlobalSection(SolutionConfigurationPlatforms) = preSolution
		Debug|Any CPU = Debug|Any CPU
		Release|Any CPU = Release|Any CPU
	EndGlobalSection
	GlobalSection(ProjectConfigurationPlatforms) = postSolution
		{1E5DA120-50D4-4C19-98E6-4DFC858E1595}.Debug|Any CPU.ActiveCfg = Debug|Any CPU
		{1E5DA120-50D4-4C19-98E6-4DFC858E1595}.Debug|Any CPU.Build.0 = Debug|Any CPU
		{1E5DA120-50D4-4C19-98E6-4DFC858E1595}.Release|Any CPU.ActiveCfg = Release|Any CPU
		{1E5DA120-50D4-4C19-98E6-4DFC858E1595}.Release|Any CPU.Build.0 = Release|Any CPU
	EndGlobalSection
	GlobalSection(SolutionProperties) = preSolution
		HideSolutionNode = FALSE
	EndGlobalSection
	GlobalSection(ExtensibilityGlobals) = postSolution
		SolutionGuid = {C24C9D20-5378-4A42-9520-E3BFF50493A8}
	EndGlobalSection
EndGlobal
