
Microsoft Visual Studio Solution File, Format Version 12.00
# Visual Studio Version 16
VisualStudioVersion = 16.0.31205.134
MinimumVisualStudioVersion = 10.0.40219.1
Project("{FAE04EC0-301F-11D3-BF4B-00C04F79EFBC}") = "InstantiatingDelegate", "InstantiatingDelegate\InstantiatingDelegate.csproj", "{F408091B-D4B8-40FF-BEED-57D759160C3C}"
EndProject
Global
	GlobalSection(SolutionConfigurationPlatforms) = preSolution
		Debug|Any CPU = Debug|Any CPU
		Release|Any CPU = Release|Any CPU
	EndGlobalSection
	GlobalSection(ProjectConfigurationPlatforms) = postSolution
		{F408091B-D4B8-40FF-BEED-57D759160C3C}.Debug|Any CPU.ActiveCfg = Debug|Any CPU
		{F408091B-D4B8-40FF-BEED-57D759160C3C}.Debug|Any CPU.Build.0 = Debug|Any CPU
		{F408091B-D4B8-40FF-BEED-57D759160C3C}.Release|Any CPU.ActiveCfg = Release|Any CPU
		{F408091B-D4B8-40FF-BEED-57D759160C3C}.Release|Any CPU.Build.0 = Release|Any CPU
	EndGlobalSection
	GlobalSection(SolutionProperties) = preSolution
		HideSolutionNode = FALSE
	EndGlobalSection
	GlobalSection(ExtensibilityGlobals) = postSolution
		SolutionGuid = {20D059C0-83D1-467A-A436-217743DD7046}
	EndGlobalSection
EndGlobal
