
Microsoft Visual Studio Solution File, Format Version 12.00
# Visual Studio Version 16
VisualStudioVersion = 16.0.31205.134
MinimumVisualStudioVersion = 10.0.40219.1
Project("{FAE04EC0-301F-11D3-BF4B-00C04F79EFBC}") = "MDIApplicationDemo", "MDIApplicationDemo\MDIApplicationDemo.csproj", "{789A5164-F1E1-49B6-94A6-BCA62F30D20C}"
EndProject
Global
	GlobalSection(SolutionConfigurationPlatforms) = preSolution
		Debug|Any CPU = Debug|Any CPU
		Release|Any CPU = Release|Any CPU
	EndGlobalSection
	GlobalSection(ProjectConfigurationPlatforms) = postSolution
		{789A5164-F1E1-49B6-94A6-BCA62F30D20C}.Debug|Any CPU.ActiveCfg = Debug|Any CPU
		{789A5164-F1E1-49B6-94A6-BCA62F30D20C}.Debug|Any CPU.Build.0 = Debug|Any CPU
		{789A5164-F1E1-49B6-94A6-BCA62F30D20C}.Release|Any CPU.ActiveCfg = Release|Any CPU
		{789A5164-F1E1-49B6-94A6-BCA62F30D20C}.Release|Any CPU.Build.0 = Release|Any CPU
	EndGlobalSection
	GlobalSection(SolutionProperties) = preSolution
		HideSolutionNode = FALSE
	EndGlobalSection
	GlobalSection(ExtensibilityGlobals) = postSolution
		SolutionGuid = {B02A350D-FE25-468F-B667-7259E3ABC81D}
	EndGlobalSection
EndGlobal
