
Microsoft Visual Studio Solution File, Format Version 12.00
# Visual Studio Version 16
VisualStudioVersion = 16.0.31205.134
MinimumVisualStudioVersion = 10.0.40219.1
Project("{FAE04EC0-301F-11D3-BF4B-00C04F79EFBC}") = "OOPInheritance", "OOPInheritance\OOPInheritance.csproj", "{DEA30439-9820-4C51-BF64-9DA15AAD25F5}"
EndProject
Global
	GlobalSection(SolutionConfigurationPlatforms) = preSolution
		Debug|Any CPU = Debug|Any CPU
		Release|Any CPU = Release|Any CPU
	EndGlobalSection
	GlobalSection(ProjectConfigurationPlatforms) = postSolution
		{DEA30439-9820-4C51-BF64-9DA15AAD25F5}.Debug|Any CPU.ActiveCfg = Debug|Any CPU
		{DEA30439-9820-4C51-BF64-9DA15AAD25F5}.Debug|Any CPU.Build.0 = Debug|Any CPU
		{DEA30439-9820-4C51-BF64-9DA15AAD25F5}.Release|Any CPU.ActiveCfg = Release|Any CPU
		{DEA30439-9820-4C51-BF64-9DA15AAD25F5}.Release|Any CPU.Build.0 = Release|Any CPU
	EndGlobalSection
	GlobalSection(SolutionProperties) = preSolution
		HideSolutionNode = FALSE
	EndGlobalSection
	GlobalSection(ExtensibilityGlobals) = postSolution
		SolutionGuid = {4627BBD6-712C-4E84-BB38-834A8F1EC635}
	EndGlobalSection
EndGlobal
