
Microsoft Visual Studio Solution File, Format Version 12.00
# Visual Studio Version 16
VisualStudioVersion = 16.0.31205.134
MinimumVisualStudioVersion = 10.0.40219.1
Project("{FAE04EC0-301F-11D3-BF4B-00C04F79EFBC}") = "Dictionary", "Dictionary\Dictionary.csproj", "{013643F3-5D19-4EED-86F1-1FA5D8FB88A0}"
EndProject
Global
	GlobalSection(SolutionConfigurationPlatforms) = preSolution
		Debug|Any CPU = Debug|Any CPU
		Release|Any CPU = Release|Any CPU
	EndGlobalSection
	GlobalSection(ProjectConfigurationPlatforms) = postSolution
		{013643F3-5D19-4EED-86F1-1FA5D8FB88A0}.Debug|Any CPU.ActiveCfg = Debug|Any CPU
		{013643F3-5D19-4EED-86F1-1FA5D8FB88A0}.Debug|Any CPU.Build.0 = Debug|Any CPU
		{013643F3-5D19-4EED-86F1-1FA5D8FB88A0}.Release|Any CPU.ActiveCfg = Release|Any CPU
		{013643F3-5D19-4EED-86F1-1FA5D8FB88A0}.Release|Any CPU.Build.0 = Release|Any CPU
	EndGlobalSection
	GlobalSection(SolutionProperties) = preSolution
		HideSolutionNode = FALSE
	EndGlobalSection
	GlobalSection(ExtensibilityGlobals) = postSolution
		SolutionGuid = {0D1D5DA8-BFCD-4606-948C-3BB2523D0343}
	EndGlobalSection
EndGlobal
