
Microsoft Visual Studio Solution File, Format Version 12.00
# Visual Studio Version 16
VisualStudioVersion = 16.0.31205.134
MinimumVisualStudioVersion = 10.0.40219.1
Project("{FAE04EC0-301F-11D3-BF4B-00C04F79EFBC}") = "FirstEvents", "FirstEvents\FirstEvents.csproj", "{1021829C-EDBB-4ED1-A933-0A45E1CF4E97}"
EndProject
Global
	GlobalSection(SolutionConfigurationPlatforms) = preSolution
		Debug|Any CPU = Debug|Any CPU
		Release|Any CPU = Release|Any CPU
	EndGlobalSection
	GlobalSection(ProjectConfigurationPlatforms) = postSolution
		{1021829C-EDBB-4ED1-A933-0A45E1CF4E97}.Debug|Any CPU.ActiveCfg = Debug|Any CPU
		{1021829C-EDBB-4ED1-A933-0A45E1CF4E97}.Debug|Any CPU.Build.0 = Debug|Any CPU
		{1021829C-EDBB-4ED1-A933-0A45E1CF4E97}.Release|Any CPU.ActiveCfg = Release|Any CPU
		{1021829C-EDBB-4ED1-A933-0A45E1CF4E97}.Release|Any CPU.Build.0 = Release|Any CPU
	EndGlobalSection
	GlobalSection(SolutionProperties) = preSolution
		HideSolutionNode = FALSE
	EndGlobalSection
	GlobalSection(ExtensibilityGlobals) = postSolution
		SolutionGuid = {4251AE7D-3A45-4977-8426-B78A38118BE6}
	EndGlobalSection
EndGlobal
