
Microsoft Visual Studio Solution File, Format Version 12.00
# Visual Studio Version 16
VisualStudioVersion = 16.0.31205.134
MinimumVisualStudioVersion = 10.0.40219.1
Project("{FAE04EC0-301F-11D3-BF4B-00C04F79EFBC}") = "DelegateAsParam", "DelegateAsParam\DelegateAsParam.csproj", "{2D9CFE78-EA1C-4997-AE92-F34456D62372}"
EndProject
Global
	GlobalSection(SolutionConfigurationPlatforms) = preSolution
		Debug|Any CPU = Debug|Any CPU
		Release|Any CPU = Release|Any CPU
	EndGlobalSection
	GlobalSection(ProjectConfigurationPlatforms) = postSolution
		{2D9CFE78-EA1C-4997-AE92-F34456D62372}.Debug|Any CPU.ActiveCfg = Debug|Any CPU
		{2D9CFE78-EA1C-4997-AE92-F34456D62372}.Debug|Any CPU.Build.0 = Debug|Any CPU
		{2D9CFE78-EA1C-4997-AE92-F34456D62372}.Release|Any CPU.ActiveCfg = Release|Any CPU
		{2D9CFE78-EA1C-4997-AE92-F34456D62372}.Release|Any CPU.Build.0 = Release|Any CPU
	EndGlobalSection
	GlobalSection(SolutionProperties) = preSolution
		HideSolutionNode = FALSE
	EndGlobalSection
	GlobalSection(ExtensibilityGlobals) = postSolution
		SolutionGuid = {218521B5-ADDD-4464-BEB6-8F12E08BB32E}
	EndGlobalSection
EndGlobal
