
Microsoft Visual Studio Solution File, Format Version 12.00
# Visual Studio Version 16
VisualStudioVersion = 16.0.31205.134
MinimumVisualStudioVersion = 10.0.40219.1
Project("{FAE04EC0-301F-11D3-BF4B-00C04F79EFBC}") = "AutomobileLibrary", "AutomobileLibrary\AutomobileLibrary.csproj", "{83E3E2D1-A18F-4168-8BE4-578ADEA28379}"
EndProject
Project("{FAE04EC0-301F-11D3-BF4B-00C04F79EFBC}") = "AutomobileWinApp", "AutomobileWinApp\AutomobileWinApp.csproj", "{D7E353A3-0067-4346-9DB2-E2D3DA733327}"
EndProject
Global
	GlobalSection(SolutionConfigurationPlatforms) = preSolution
		Debug|Any CPU = Debug|Any CPU
		Release|Any CPU = Release|Any CPU
	EndGlobalSection
	GlobalSection(ProjectConfigurationPlatforms) = postSolution
		{83E3E2D1-A18F-4168-8BE4-578ADEA28379}.Debug|Any CPU.ActiveCfg = Debug|Any CPU
		{83E3E2D1-A18F-4168-8BE4-578ADEA28379}.Debug|Any CPU.Build.0 = Debug|Any CPU
		{83E3E2D1-A18F-4168-8BE4-578ADEA28379}.Release|Any CPU.ActiveCfg = Release|Any CPU
		{83E3E2D1-A18F-4168-8BE4-578ADEA28379}.Release|Any CPU.Build.0 = Release|Any CPU
		{D7E353A3-0067-4346-9DB2-E2D3DA733327}.Debug|Any CPU.ActiveCfg = Debug|Any CPU
		{D7E353A3-0067-4346-9DB2-E2D3DA733327}.Debug|Any CPU.Build.0 = Debug|Any CPU
		{D7E353A3-0067-4346-9DB2-E2D3DA733327}.Release|Any CPU.ActiveCfg = Release|Any CPU
		{D7E353A3-0067-4346-9DB2-E2D3DA733327}.Release|Any CPU.Build.0 = Release|Any CPU
	EndGlobalSection
	GlobalSection(SolutionProperties) = preSolution
		HideSolutionNode = FALSE
	EndGlobalSection
	GlobalSection(ExtensibilityGlobals) = postSolution
		SolutionGuid = {46C06034-EDC6-4175-8E6C-6C708D635528}
	EndGlobalSection
EndGlobal
