
Microsoft Visual Studio Solution File, Format Version 12.00
# Visual Studio Version 16
VisualStudioVersion = 16.0.31205.134
MinimumVisualStudioVersion = 10.0.40219.1
Project("{FAE04EC0-301F-11D3-BF4B-00C04F79EFBC}") = "MyWebApp", "MyWebApp\MyWebApp.csproj", "{FBE5709B-F0B7-40BE-A4F6-70F4A0699A73}"
EndProject
Global
	GlobalSection(SolutionConfigurationPlatforms) = preSolution
		Debug|Any CPU = Debug|Any CPU
		Release|Any CPU = Release|Any CPU
	EndGlobalSection
	GlobalSection(ProjectConfigurationPlatforms) = postSolution
		{FBE5709B-F0B7-40BE-A4F6-70F4A0699A73}.Debug|Any CPU.ActiveCfg = Debug|Any CPU
		{FBE5709B-F0B7-40BE-A4F6-70F4A0699A73}.Debug|Any CPU.Build.0 = Debug|Any CPU
		{FBE5709B-F0B7-40BE-A4F6-70F4A0699A73}.Release|Any CPU.ActiveCfg = Release|Any CPU
		{FBE5709B-F0B7-40BE-A4F6-70F4A0699A73}.Release|Any CPU.Build.0 = Release|Any CPU
	EndGlobalSection
	GlobalSection(SolutionProperties) = preSolution
		HideSolutionNode = FALSE
	EndGlobalSection
	GlobalSection(ExtensibilityGlobals) = postSolution
		SolutionGuid = {69715AFC-74E5-4FEB-8152-442903FF23BE}
	EndGlobalSection
EndGlobal
