
Microsoft Visual Studio Solution File, Format Version 12.00
# Visual Studio Version 16
VisualStudioVersion = 16.0.31205.134
MinimumVisualStudioVersion = 10.0.40219.1
Project("{FAE04EC0-301F-11D3-BF4B-00C04F79EFBC}") = "HelloWorld", "HelloWorld\HelloWorld.csproj", "{F6376FD1-0E3B-4382-8A1D-6263FDFF5133}"
EndProject
Global
	GlobalSection(SolutionConfigurationPlatforms) = preSolution
		Debug|Any CPU = Debug|Any CPU
		Release|Any CPU = Release|Any CPU
	EndGlobalSection
	GlobalSection(ProjectConfigurationPlatforms) = postSolution
		{F6376FD1-0E3B-4382-8A1D-6263FDFF5133}.Debug|Any CPU.ActiveCfg = Debug|Any CPU
		{F6376FD1-0E3B-4382-8A1D-6263FDFF5133}.Debug|Any CPU.Build.0 = Debug|Any CPU
		{F6376FD1-0E3B-4382-8A1D-6263FDFF5133}.Release|Any CPU.ActiveCfg = Release|Any CPU
		{F6376FD1-0E3B-4382-8A1D-6263FDFF5133}.Release|Any CPU.Build.0 = Release|Any CPU
	EndGlobalSection
	GlobalSection(SolutionProperties) = preSolution
		HideSolutionNode = FALSE
	EndGlobalSection
	GlobalSection(ExtensibilityGlobals) = postSolution
		SolutionGuid = {178F82B2-BD84-4D5A-82CC-0F01DBF81277}
	EndGlobalSection
EndGlobal
