
Microsoft Visual Studio Solution File, Format Version 12.00
# Visual Studio Version 16
VisualStudioVersion = 16.0.31205.134
MinimumVisualStudioVersion = 10.0.40219.1
Project("{FAE04EC0-301F-11D3-BF4B-00C04F79EFBC}") = "AutomobileLibrary", "AutomobileLibrary\AutomobileLibrary.csproj", "{3D540E23-BFFB-4D57-9C66-BD5DE42ACF95}"
EndProject
Project("{FAE04EC0-301F-11D3-BF4B-00C04F79EFBC}") = "AutomobileWebApp", "AutomobileWebApp\AutomobileWebApp.csproj", "{5B9AAE3E-C518-4C9B-9F2C-F9EC8AC3C677}"
EndProject
Global
	GlobalSection(SolutionConfigurationPlatforms) = preSolution
		Debug|Any CPU = Debug|Any CPU
		Release|Any CPU = Release|Any CPU
	EndGlobalSection
	GlobalSection(ProjectConfigurationPlatforms) = postSolution
		{3D540E23-BFFB-4D57-9C66-BD5DE42ACF95}.Debug|Any CPU.ActiveCfg = Debug|Any CPU
		{3D540E23-BFFB-4D57-9C66-BD5DE42ACF95}.Debug|Any CPU.Build.0 = Debug|Any CPU
		{3D540E23-BFFB-4D57-9C66-BD5DE42ACF95}.Release|Any CPU.ActiveCfg = Release|Any CPU
		{3D540E23-BFFB-4D57-9C66-BD5DE42ACF95}.Release|Any CPU.Build.0 = Release|Any CPU
		{5B9AAE3E-C518-4C9B-9F2C-F9EC8AC3C677}.Debug|Any CPU.ActiveCfg = Debug|Any CPU
		{5B9AAE3E-C518-4C9B-9F2C-F9EC8AC3C677}.Debug|Any CPU.Build.0 = Debug|Any CPU
		{5B9AAE3E-C518-4C9B-9F2C-F9EC8AC3C677}.Release|Any CPU.ActiveCfg = Release|Any CPU
		{5B9AAE3E-C518-4C9B-9F2C-F9EC8AC3C677}.Release|Any CPU.Build.0 = Release|Any CPU
	EndGlobalSection
	GlobalSection(SolutionProperties) = preSolution
		HideSolutionNode = FALSE
	EndGlobalSection
	GlobalSection(ExtensibilityGlobals) = postSolution
		SolutionGuid = {6131B925-B65B-493B-AF71-EB1CB286B526}
	EndGlobalSection
EndGlobal
